{
  "originHash" : "b56b415dc1539acd6db19ac7df4a00bbf339cf79366d0a73004166736a6f4216",
  "pins" : [
    {
      "identity" : "factory",
      "kind" : "remoteSourceControl",
      "location" : "https://github.com/hmlongco/Factory.git",
      "state" : {
        "revision" : "587995f7d5cc667951d635fbf6b4252324ba0439",
        "version" : "2.3.2"
      }
    },
    {
      "identity" : "goodlogger",
      "kind" : "remoteSourceControl",
      "location" : "https://github.com/GoodRequest/GoodLogger.git",
      "state" : {
        "revision" : "bf859f3cce8392a8d1b6402fccccc8a44a7587bc",
        "version" : "1.3.0"
      }
    },
    {
      "identity" : "pulse",
      "kind" : "remoteSourceControl",
      "location" : "https://github.com/kean/Pulse.git",
      "state" : {
        "revision" : "c102aaa266ac69a26d08ee6861da710283988e3b",
        "version" : "5.1.2"
      }
    },
    {
      "identity" : "swiftui-introspect",
      "kind" : "remoteSourceControl",
      "location" : "https://github.com/siteline/swiftui-introspect",
      "state" : {
        "revision" : "807f73ce09a9b9723f12385e592b4e0aaebd3336",
        "version" : "1.3.0"
      }
    }
  ],
  "version" : 3
}
