// !$*UTF8*$!
{
	archiveVersion = 1;
	classes = {
	};
	objectVersion = 56;
	objects = {

/* Begin PBXBuildFile section */
		784AB0D92ABB15E9001801FC /* InputTextFieldView.swift in Sources */ = {isa = PBXBuildFile; fileRef = 784AB0D82ABB15E9001801FC /* InputTextFieldView.swift */; };
		785AC50C2AB2EBEE002C1BC1 /* AppDelegate.swift in Sources */ = {isa = PBXBuildFile; fileRef = 785AC50B2AB2EBEE002C1BC1 /* AppDelegate.swift */; };
		785AC5172AB2EBF0002C1BC1 /* Assets.xcassets in Resources */ = {isa = PBXBuildFile; fileRef = 785AC5162AB2EBF0002C1BC1 /* Assets.xcassets */; };
		785AC51A2AB2EBF0002C1BC1 /* LaunchScreen.storyboard in Resources */ = {isa = PBXBuildFile; fileRef = 785AC5182AB2EBF0002C1BC1 /* LaunchScreen.storyboard */; };
		785AC5232AB2EDDE002C1BC1 /* Coordinator.swift in Sources */ = {isa = PBXBuildFile; fileRef = 785AC5222AB2EDDE002C1BC1 /* Coordinator.swift */; };
		785AC5252AB2EE0D002C1BC1 /* AppCoordinator.swift in Sources */ = {isa = PBXBuildFile; fileRef = 785AC5242AB2EE0D002C1BC1 /* AppCoordinator.swift */; };
		785AC5282AB2EE66002C1BC1 /* DependencyContainer.swift in Sources */ = {isa = PBXBuildFile; fileRef = 785AC5272AB2EE66002C1BC1 /* DependencyContainer.swift */; };
		785AC52B2AB2EEA6002C1BC1 /* RequestManagerType.swift in Sources */ = {isa = PBXBuildFile; fileRef = 785AC52A2AB2EEA6002C1BC1 /* RequestManagerType.swift */; };
		785AC52D2AB2EED8002C1BC1 /* RequestManager.swift in Sources */ = {isa = PBXBuildFile; fileRef = 785AC52C2AB2EED8002C1BC1 /* RequestManager.swift */; };
		785AC5322AB2EF81002C1BC1 /* FetchCoordinator.swift in Sources */ = {isa = PBXBuildFile; fileRef = 785AC5312AB2EF81002C1BC1 /* FetchCoordinator.swift */; };
		785AC5352AB2EFB0002C1BC1 /* FetchViewModel.swift in Sources */ = {isa = PBXBuildFile; fileRef = 785AC5342AB2EFB0002C1BC1 /* FetchViewModel.swift */; };
		785AC5372AB2F03F002C1BC1 /* FetchViewController.swift in Sources */ = {isa = PBXBuildFile; fileRef = 785AC5362AB2F03F002C1BC1 /* FetchViewController.swift */; };
		785AC53B2AB2F07E002C1BC1 /* BaseViewController.swift in Sources */ = {isa = PBXBuildFile; fileRef = 785AC53A2AB2F07E002C1BC1 /* BaseViewController.swift */; };
		78A589F12AB88ADA004141F6 /* Endpoint.swift in Sources */ = {isa = PBXBuildFile; fileRef = 78A589F02AB88ADA004141F6 /* Endpoint.swift */; };
		78A589F42AB88BFC004141F6 /* CarResponse.swift in Sources */ = {isa = PBXBuildFile; fileRef = 78A589F32AB88BFC004141F6 /* CarResponse.swift */; };
		78A589F62AB88D38004141F6 /* ProductResponse.swift in Sources */ = {isa = PBXBuildFile; fileRef = 78A589F52AB88D38004141F6 /* ProductResponse.swift */; };
		78A589F92AB89421004141F6 /* UIControlExtensions.swift in Sources */ = {isa = PBXBuildFile; fileRef = 78A589F82AB89421004141F6 /* UIControlExtensions.swift */; };
		78CDA6FB2AB9E6CB00CC1A82 /* GoodDependencies in Frameworks */ = {isa = PBXBuildFile; productRef = 78CDA6FA2AB9E6CB00CC1A82 /* GoodDependencies */; };
		78CDA6FE2ABAD27B00CC1A82 /* HomeViewModel.swift in Sources */ = {isa = PBXBuildFile; fileRef = 78CDA6FD2ABAD27B00CC1A82 /* HomeViewModel.swift */; };
		78CDA7002ABAD2DF00CC1A82 /* HomeViewController.swift in Sources */ = {isa = PBXBuildFile; fileRef = 78CDA6FF2ABAD2DF00CC1A82 /* HomeViewController.swift */; };
		78CDA7022ABAD47300CC1A82 /* HomeCoordinator.swift in Sources */ = {isa = PBXBuildFile; fileRef = 78CDA7012ABAD47300CC1A82 /* HomeCoordinator.swift */; };
		78CDA7042ABAD72300CC1A82 /* BasicButton.swift in Sources */ = {isa = PBXBuildFile; fileRef = 78CDA7032ABAD72300CC1A82 /* BasicButton.swift */; };
		78CDA7072ABAF3AD00CC1A82 /* LoginViewModel.swift in Sources */ = {isa = PBXBuildFile; fileRef = 78CDA7062ABAF3AD00CC1A82 /* LoginViewModel.swift */; };
		78CDA7092ABAF41500CC1A82 /* LoginViewController.swift in Sources */ = {isa = PBXBuildFile; fileRef = 78CDA7082ABAF41500CC1A82 /* LoginViewController.swift */; };
		78CDA70B2ABAF68500CC1A82 /* LoginCoordinator.swift in Sources */ = {isa = PBXBuildFile; fileRef = 78CDA70A2ABAF68500CC1A82 /* LoginCoordinator.swift */; };
		78E10E3D2AB9D9BA00934298 /* FetchButton.swift in Sources */ = {isa = PBXBuildFile; fileRef = 78E10E3C2AB9D9BA00934298 /* FetchButton.swift */; };
		78E10E3F2AB9DDE000934298 /* Constants.swift in Sources */ = {isa = PBXBuildFile; fileRef = 78E10E3E2AB9DDE000934298 /* Constants.swift */; };
/* End PBXBuildFile section */

/* Begin PBXFileReference section */
		784AB0D82ABB15E9001801FC /* InputTextFieldView.swift */ = {isa = PBXFileReference; lastKnownFileType = sourcecode.swift; path = InputTextFieldView.swift; sourceTree = "<group>"; };
		785AC5082AB2EBEE002C1BC1 /* AppDebugMode-iOS-Sample.app */ = {isa = PBXFileReference; explicitFileType = wrapper.application; includeInIndex = 0; path = "AppDebugMode-iOS-Sample.app"; sourceTree = BUILT_PRODUCTS_DIR; };
		785AC50B2AB2EBEE002C1BC1 /* AppDelegate.swift */ = {isa = PBXFileReference; lastKnownFileType = sourcecode.swift; path = AppDelegate.swift; sourceTree = "<group>"; };
		785AC5162AB2EBF0002C1BC1 /* Assets.xcassets */ = {isa = PBXFileReference; lastKnownFileType = folder.assetcatalog; path = Assets.xcassets; sourceTree = "<group>"; };
		785AC5192AB2EBF0002C1BC1 /* Base */ = {isa = PBXFileReference; lastKnownFileType = file.storyboard; name = Base; path = Base.lproj/LaunchScreen.storyboard; sourceTree = "<group>"; };
		785AC51B2AB2EBF0002C1BC1 /* Info.plist */ = {isa = PBXFileReference; lastKnownFileType = text.plist.xml; path = Info.plist; sourceTree = "<group>"; };
		785AC5222AB2EDDE002C1BC1 /* Coordinator.swift */ = {isa = PBXFileReference; lastKnownFileType = sourcecode.swift; path = Coordinator.swift; sourceTree = "<group>"; };
		785AC5242AB2EE0D002C1BC1 /* AppCoordinator.swift */ = {isa = PBXFileReference; lastKnownFileType = sourcecode.swift; path = AppCoordinator.swift; sourceTree = "<group>"; };
		785AC5272AB2EE66002C1BC1 /* DependencyContainer.swift */ = {isa = PBXFileReference; lastKnownFileType = sourcecode.swift; path = DependencyContainer.swift; sourceTree = "<group>"; };
		785AC52A2AB2EEA6002C1BC1 /* RequestManagerType.swift */ = {isa = PBXFileReference; lastKnownFileType = sourcecode.swift; path = RequestManagerType.swift; sourceTree = "<group>"; };
		785AC52C2AB2EED8002C1BC1 /* RequestManager.swift */ = {isa = PBXFileReference; lastKnownFileType = sourcecode.swift; path = RequestManager.swift; sourceTree = "<group>"; };
		785AC5312AB2EF81002C1BC1 /* FetchCoordinator.swift */ = {isa = PBXFileReference; lastKnownFileType = sourcecode.swift; path = FetchCoordinator.swift; sourceTree = "<group>"; };
		785AC5342AB2EFB0002C1BC1 /* FetchViewModel.swift */ = {isa = PBXFileReference; lastKnownFileType = sourcecode.swift; path = FetchViewModel.swift; sourceTree = "<group>"; };
		785AC5362AB2F03F002C1BC1 /* FetchViewController.swift */ = {isa = PBXFileReference; lastKnownFileType = sourcecode.swift; path = FetchViewController.swift; sourceTree = "<group>"; };
		785AC53A2AB2F07E002C1BC1 /* BaseViewController.swift */ = {isa = PBXFileReference; lastKnownFileType = sourcecode.swift; path = BaseViewController.swift; sourceTree = "<group>"; };
		78A589F02AB88ADA004141F6 /* Endpoint.swift */ = {isa = PBXFileReference; lastKnownFileType = sourcecode.swift; path = Endpoint.swift; sourceTree = "<group>"; };
		78A589F32AB88BFC004141F6 /* CarResponse.swift */ = {isa = PBXFileReference; lastKnownFileType = sourcecode.swift; path = CarResponse.swift; sourceTree = "<group>"; };
		78A589F52AB88D38004141F6 /* ProductResponse.swift */ = {isa = PBXFileReference; lastKnownFileType = sourcecode.swift; path = ProductResponse.swift; sourceTree = "<group>"; };
		78A589F82AB89421004141F6 /* UIControlExtensions.swift */ = {isa = PBXFileReference; lastKnownFileType = sourcecode.swift; path = UIControlExtensions.swift; sourceTree = "<group>"; };
		78C5E12F2AB9E655000666B4 /* GoodDependencies */ = {isa = PBXFileReference; lastKnownFileType = wrapper; name = GoodDependencies; path = Packages/GoodDependencies; sourceTree = "<group>"; };
		78CDA6FD2ABAD27B00CC1A82 /* HomeViewModel.swift */ = {isa = PBXFileReference; lastKnownFileType = sourcecode.swift; path = HomeViewModel.swift; sourceTree = "<group>"; };
		78CDA6FF2ABAD2DF00CC1A82 /* HomeViewController.swift */ = {isa = PBXFileReference; lastKnownFileType = sourcecode.swift; path = HomeViewController.swift; sourceTree = "<group>"; };
		78CDA7012ABAD47300CC1A82 /* HomeCoordinator.swift */ = {isa = PBXFileReference; lastKnownFileType = sourcecode.swift; path = HomeCoordinator.swift; sourceTree = "<group>"; };
		78CDA7032ABAD72300CC1A82 /* BasicButton.swift */ = {isa = PBXFileReference; lastKnownFileType = sourcecode.swift; path = BasicButton.swift; sourceTree = "<group>"; };
		78CDA7062ABAF3AD00CC1A82 /* LoginViewModel.swift */ = {isa = PBXFileReference; lastKnownFileType = sourcecode.swift; path = LoginViewModel.swift; sourceTree = "<group>"; };
		78CDA7082ABAF41500CC1A82 /* LoginViewController.swift */ = {isa = PBXFileReference; lastKnownFileType = sourcecode.swift; path = LoginViewController.swift; sourceTree = "<group>"; };
		78CDA70A2ABAF68500CC1A82 /* LoginCoordinator.swift */ = {isa = PBXFileReference; lastKnownFileType = sourcecode.swift; path = LoginCoordinator.swift; sourceTree = "<group>"; };
		78E10E3C2AB9D9BA00934298 /* FetchButton.swift */ = {isa = PBXFileReference; lastKnownFileType = sourcecode.swift; path = FetchButton.swift; sourceTree = "<group>"; };
		78E10E3E2AB9DDE000934298 /* Constants.swift */ = {isa = PBXFileReference; lastKnownFileType = sourcecode.swift; path = Constants.swift; sourceTree = "<group>"; };
/* End PBXFileReference section */

/* Begin PBXFrameworksBuildPhase section */
		785AC5052AB2EBEE002C1BC1 /* Frameworks */ = {
			isa = PBXFrameworksBuildPhase;
			buildActionMask = 2147483647;
			files = (
				78CDA6FB2AB9E6CB00CC1A82 /* GoodDependencies in Frameworks */,
			);
			runOnlyForDeploymentPostprocessing = 0;
		};
/* End PBXFrameworksBuildPhase section */

/* Begin PBXGroup section */
		784AB0D72ABB15D4001801FC /* UITextField */ = {
			isa = PBXGroup;
			children = (
				784AB0D82ABB15E9001801FC /* InputTextFieldView.swift */,
			);
			path = UITextField;
			sourceTree = "<group>";
		};
		785AC4FF2AB2EBEE002C1BC1 = {
			isa = PBXGroup;
			children = (
				78C5E12E2AB9E655000666B4 /* Packages */,
				785AC50A2AB2EBEE002C1BC1 /* AppDebugMode-iOS-Sample */,
				785AC5092AB2EBEE002C1BC1 /* Products */,
				78CDA6F92AB9E6CB00CC1A82 /* Frameworks */,
			);
			sourceTree = "<group>";
		};
		785AC5092AB2EBEE002C1BC1 /* Products */ = {
			isa = PBXGroup;
			children = (
				785AC5082AB2EBEE002C1BC1 /* AppDebugMode-iOS-Sample.app */,
			);
			name = Products;
			sourceTree = "<group>";
		};
		785AC50A2AB2EBEE002C1BC1 /* AppDebugMode-iOS-Sample */ = {
			isa = PBXGroup;
			children = (
				785AC53C2AB2F3D4002C1BC1 /* Application */,
				78A589F72AB89410004141F6 /* Extensions */,
				785AC52E2AB2EF33002C1BC1 /* Helpers */,
				78A589F22AB88BE3004141F6 /* Models */,
				785AC53D2AB2F3F7002C1BC1 /* Managers */,
				785AC5212AB2EDC6002C1BC1 /* Coordinators */,
				785AC5332AB2EF99002C1BC1 /* Screens */,
				78E10E3A2AB9D98600934298 /* Views */,
				785AC5162AB2EBF0002C1BC1 /* Assets.xcassets */,
			);
			path = "AppDebugMode-iOS-Sample";
			sourceTree = "<group>";
		};
		785AC5212AB2EDC6002C1BC1 /* Coordinators */ = {
			isa = PBXGroup;
			children = (
				785AC5222AB2EDDE002C1BC1 /* Coordinator.swift */,
				785AC5242AB2EE0D002C1BC1 /* AppCoordinator.swift */,
				78CDA7012ABAD47300CC1A82 /* HomeCoordinator.swift */,
				78CDA70A2ABAF68500CC1A82 /* LoginCoordinator.swift */,
				785AC5312AB2EF81002C1BC1 /* FetchCoordinator.swift */,
			);
			path = Coordinators;
			sourceTree = "<group>";
		};
		785AC5262AB2EE48002C1BC1 /* DependencyContainer */ = {
			isa = PBXGroup;
			children = (
				785AC5272AB2EE66002C1BC1 /* DependencyContainer.swift */,
			);
			path = DependencyContainer;
			sourceTree = "<group>";
		};
		785AC5292AB2EE93002C1BC1 /* RequestManager */ = {
			isa = PBXGroup;
			children = (
				785AC52A2AB2EEA6002C1BC1 /* RequestManagerType.swift */,
				785AC52C2AB2EED8002C1BC1 /* RequestManager.swift */,
				78A589F02AB88ADA004141F6 /* Endpoint.swift */,
			);
			path = RequestManager;
			sourceTree = "<group>";
		};
		785AC52E2AB2EF33002C1BC1 /* Helpers */ = {
			isa = PBXGroup;
			children = (
				78E10E3E2AB9DDE000934298 /* Constants.swift */,
			);
			path = Helpers;
			sourceTree = "<group>";
		};
		785AC5332AB2EF99002C1BC1 /* Screens */ = {
			isa = PBXGroup;
			children = (
				785AC5392AB2F06A002C1BC1 /* BaseViewController */,
				78CDA6FC2ABAD25C00CC1A82 /* Home */,
				785AC5382AB2F062002C1BC1 /* Fetch */,
				78CDA7052ABAF39100CC1A82 /*  Login */,
			);
			path = Screens;
			sourceTree = "<group>";
		};
		785AC5382AB2F062002C1BC1 /* Fetch */ = {
			isa = PBXGroup;
			children = (
				785AC5342AB2EFB0002C1BC1 /* FetchViewModel.swift */,
				785AC5362AB2F03F002C1BC1 /* FetchViewController.swift */,
			);
			path = Fetch;
			sourceTree = "<group>";
		};
		785AC5392AB2F06A002C1BC1 /* BaseViewController */ = {
			isa = PBXGroup;
			children = (
				785AC53A2AB2F07E002C1BC1 /* BaseViewController.swift */,
			);
			path = BaseViewController;
			sourceTree = "<group>";
		};
		785AC53C2AB2F3D4002C1BC1 /* Application */ = {
			isa = PBXGroup;
			children = (
				785AC50B2AB2EBEE002C1BC1 /* AppDelegate.swift */,
				785AC5182AB2EBF0002C1BC1 /* LaunchScreen.storyboard */,
				785AC51B2AB2EBF0002C1BC1 /* Info.plist */,
			);
			path = Application;
			sourceTree = "<group>";
		};
		785AC53D2AB2F3F7002C1BC1 /* Managers */ = {
			isa = PBXGroup;
			children = (
				785AC5262AB2EE48002C1BC1 /* DependencyContainer */,
				785AC5292AB2EE93002C1BC1 /* RequestManager */,
			);
			path = Managers;
			sourceTree = "<group>";
		};
		78A589F22AB88BE3004141F6 /* Models */ = {
			isa = PBXGroup;
			children = (
				78A589F32AB88BFC004141F6 /* CarResponse.swift */,
				78A589F52AB88D38004141F6 /* ProductResponse.swift */,
			);
			path = Models;
			sourceTree = "<group>";
		};
		78A589F72AB89410004141F6 /* Extensions */ = {
			isa = PBXGroup;
			children = (
				78A589F82AB89421004141F6 /* UIControlExtensions.swift */,
			);
			path = Extensions;
			sourceTree = "<group>";
		};
		78C5E12E2AB9E655000666B4 /* Packages */ = {
			isa = PBXGroup;
			children = (
				78C5E12F2AB9E655000666B4 /* GoodDependencies */,
			);
			name = Packages;
			sourceTree = "<group>";
		};
		78CDA6F92AB9E6CB00CC1A82 /* Frameworks */ = {
			isa = PBXGroup;
			children = (
			);
			name = Frameworks;
			sourceTree = "<group>";
		};
		78CDA6FC2ABAD25C00CC1A82 /* Home */ = {
			isa = PBXGroup;
			children = (
				78CDA6FD2ABAD27B00CC1A82 /* HomeViewModel.swift */,
				78CDA6FF2ABAD2DF00CC1A82 /* HomeViewController.swift */,
			);
			path = Home;
			sourceTree = "<group>";
		};
		78CDA7052ABAF39100CC1A82 /*  Login */ = {
			isa = PBXGroup;
			children = (
				78CDA7062ABAF3AD00CC1A82 /* LoginViewModel.swift */,
				78CDA7082ABAF41500CC1A82 /* LoginViewController.swift */,
			);
			path = " Login";
			sourceTree = "<group>";
		};
		78E10E3A2AB9D98600934298 /* Views */ = {
			isa = PBXGroup;
			children = (
				784AB0D72ABB15D4001801FC /* UITextField */,
				78E10E3B2AB9D98E00934298 /* UIButton */,
			);
			path = Views;
			sourceTree = "<group>";
		};
		78E10E3B2AB9D98E00934298 /* UIButton */ = {
			isa = PBXGroup;
			children = (
				78E10E3C2AB9D9BA00934298 /* FetchButton.swift */,
				78CDA7032ABAD72300CC1A82 /* BasicButton.swift */,
			);
			path = UIButton;
			sourceTree = "<group>";
		};
/* End PBXGroup section */

/* Begin PBXNativeTarget section */
		785AC5072AB2EBEE002C1BC1 /* AppDebugMode-iOS-Sample */ = {
			isa = PBXNativeTarget;
			buildConfigurationList = 785AC51E2AB2EBF0002C1BC1 /* Build configuration list for PBXNativeTarget "AppDebugMode-iOS-Sample" */;
			buildPhases = (
				785AC5042AB2EBEE002C1BC1 /* Sources */,
				785AC5052AB2EBEE002C1BC1 /* Frameworks */,
				785AC5062AB2EBEE002C1BC1 /* Resources */,
			);
			buildRules = (
			);
			dependencies = (
			);
			name = "AppDebugMode-iOS-Sample";
			packageProductDependencies = (
				78CDA6FA2AB9E6CB00CC1A82 /* GoodDependencies */,
			);
			productName = "AppDebugMode-iOS-Sample";
			productReference = 785AC5082AB2EBEE002C1BC1 /* AppDebugMode-iOS-Sample.app */;
			productType = "com.apple.product-type.application";
		};
/* End PBXNativeTarget section */

/* Begin PBXProject section */
		785AC5002AB2EBEE002C1BC1 /* Project object */ = {
			isa = PBXProject;
			attributes = {
				BuildIndependentTargetsInParallel = 1;
				LastSwiftUpdateCheck = 1430;
				LastUpgradeCheck = 1430;
				TargetAttributes = {
					785AC5072AB2EBEE002C1BC1 = {
						CreatedOnToolsVersion = 14.3.1;
					};
				};
			};
			buildConfigurationList = 785AC5032AB2EBEE002C1BC1 /* Build configuration list for PBXProject "AppDebugMode-iOS-Sample" */;
			compatibilityVersion = "Xcode 14.0";
			developmentRegion = en;
			hasScannedForEncodings = 0;
			knownRegions = (
				en,
				Base,
			);
			mainGroup = 785AC4FF2AB2EBEE002C1BC1;
			packageReferences = (
			);
			productRefGroup = 785AC5092AB2EBEE002C1BC1 /* Products */;
			projectDirPath = "";
			projectRoot = "";
			targets = (
				785AC5072AB2EBEE002C1BC1 /* AppDebugMode-iOS-Sample */,
			);
		};
/* End PBXProject section */

/* Begin PBXResourcesBuildPhase section */
		785AC5062AB2EBEE002C1BC1 /* Resources */ = {
			isa = PBXResourcesBuildPhase;
			buildActionMask = 2147483647;
			files = (
				785AC51A2AB2EBF0002C1BC1 /* LaunchScreen.storyboard in Resources */,
				785AC5172AB2EBF0002C1BC1 /* Assets.xcassets in Resources */,
			);
			runOnlyForDeploymentPostprocessing = 0;
		};
/* End PBXResourcesBuildPhase section */

/* Begin PBXSourcesBuildPhase section */
		785AC5042AB2EBEE002C1BC1 /* Sources */ = {
			isa = PBXSourcesBuildPhase;
			buildActionMask = 2147483647;
			files = (
				78CDA6FE2ABAD27B00CC1A82 /* HomeViewModel.swift in Sources */,
				785AC5252AB2EE0D002C1BC1 /* AppCoordinator.swift in Sources */,
				78E10E3F2AB9DDE000934298 /* Constants.swift in Sources */,
				78A589F42AB88BFC004141F6 /* CarResponse.swift in Sources */,
				78E10E3D2AB9D9BA00934298 /* FetchButton.swift in Sources */,
				78CDA7002ABAD2DF00CC1A82 /* HomeViewController.swift in Sources */,
				78CDA7042ABAD72300CC1A82 /* BasicButton.swift in Sources */,
				785AC5352AB2EFB0002C1BC1 /* FetchViewModel.swift in Sources */,
				785AC53B2AB2F07E002C1BC1 /* BaseViewController.swift in Sources */,
				785AC5232AB2EDDE002C1BC1 /* Coordinator.swift in Sources */,
				78CDA7092ABAF41500CC1A82 /* LoginViewController.swift in Sources */,
				785AC5282AB2EE66002C1BC1 /* DependencyContainer.swift in Sources */,
				78A589F62AB88D38004141F6 /* ProductResponse.swift in Sources */,
				785AC52D2AB2EED8002C1BC1 /* RequestManager.swift in Sources */,
				785AC5372AB2F03F002C1BC1 /* FetchViewController.swift in Sources */,
				785AC52B2AB2EEA6002C1BC1 /* RequestManagerType.swift in Sources */,
				785AC5322AB2EF81002C1BC1 /* FetchCoordinator.swift in Sources */,
				78CDA70B2ABAF68500CC1A82 /* LoginCoordinator.swift in Sources */,
				78A589F92AB89421004141F6 /* UIControlExtensions.swift in Sources */,
				78A589F12AB88ADA004141F6 /* Endpoint.swift in Sources */,
				785AC50C2AB2EBEE002C1BC1 /* AppDelegate.swift in Sources */,
				78CDA7022ABAD47300CC1A82 /* HomeCoordinator.swift in Sources */,
				78CDA7072ABAF3AD00CC1A82 /* LoginViewModel.swift in Sources */,
				784AB0D92ABB15E9001801FC /* InputTextFieldView.swift in Sources */,
			);
			runOnlyForDeploymentPostprocessing = 0;
		};
/* End PBXSourcesBuildPhase section */

/* Begin PBXVariantGroup section */
		785AC5182AB2EBF0002C1BC1 /* LaunchScreen.storyboard */ = {
			isa = PBXVariantGroup;
			children = (
				785AC5192AB2EBF0002C1BC1 /* Base */,
			);
			name = LaunchScreen.storyboard;
			sourceTree = "<group>";
		};
/* End PBXVariantGroup section */

/* Begin XCBuildConfiguration section */
		785AC51C2AB2EBF0002C1BC1 /* Debug */ = {
			isa = XCBuildConfiguration;
			buildSettings = {
				ALWAYS_SEARCH_USER_PATHS = NO;
				CLANG_ANALYZER_NONNULL = YES;
				CLANG_ANALYZER_NUMBER_OBJECT_CONVERSION = YES_AGGRESSIVE;
				CLANG_CXX_LANGUAGE_STANDARD = "gnu++20";
				CLANG_ENABLE_MODULES = YES;
				CLANG_ENABLE_OBJC_ARC = YES;
				CLANG_ENABLE_OBJC_WEAK = YES;
				CLANG_WARN_BLOCK_CAPTURE_AUTORELEASING = YES;
				CLANG_WARN_BOOL_CONVERSION = YES;
				CLANG_WARN_COMMA = YES;
				CLANG_WARN_CONSTANT_CONVERSION = YES;
				CLANG_WARN_DEPRECATED_OBJC_IMPLEMENTATIONS = YES;
				CLANG_WARN_DIRECT_OBJC_ISA_USAGE = YES_ERROR;
				CLANG_WARN_DOCUMENTATION_COMMENTS = YES;
				CLANG_WARN_EMPTY_BODY = YES;
				CLANG_WARN_ENUM_CONVERSION = YES;
				CLANG_WARN_INFINITE_RECURSION = YES;
				CLANG_WARN_INT_CONVERSION = YES;
				CLANG_WARN_NON_LITERAL_NULL_CONVERSION = YES;
				CLANG_WARN_OBJC_IMPLICIT_RETAIN_SELF = YES;
				CLANG_WARN_OBJC_LITERAL_CONVERSION = YES;
				CLANG_WARN_OBJC_ROOT_CLASS = YES_ERROR;
				CLANG_WARN_QUOTED_INCLUDE_IN_FRAMEWORK_HEADER = YES;
				CLANG_WARN_RANGE_LOOP_ANALYSIS = YES;
				CLANG_WARN_STRICT_PROTOTYPES = YES;
				CLANG_WARN_SUSPICIOUS_MOVE = YES;
				CLANG_WARN_UNGUARDED_AVAILABILITY = YES_AGGRESSIVE;
				CLANG_WARN_UNREACHABLE_CODE = YES;
				CLANG_WARN__DUPLICATE_METHOD_MATCH = YES;
				COPY_PHASE_STRIP = NO;
				DEBUG_INFORMATION_FORMAT = dwarf;
				ENABLE_STRICT_OBJC_MSGSEND = YES;
				ENABLE_TESTABILITY = YES;
				GCC_C_LANGUAGE_STANDARD = gnu11;
				GCC_DYNAMIC_NO_PIC = NO;
				GCC_NO_COMMON_BLOCKS = YES;
				GCC_OPTIMIZATION_LEVEL = 0;
				GCC_PREPROCESSOR_DEFINITIONS = (
					"DEBUG=1",
					"$(inherited)",
				);
				GCC_WARN_64_TO_32_BIT_CONVERSION = YES;
				GCC_WARN_ABOUT_RETURN_TYPE = YES_ERROR;
				GCC_WARN_UNDECLARED_SELECTOR = YES;
				GCC_WARN_UNINITIALIZED_AUTOS = YES_AGGRESSIVE;
				GCC_WARN_UNUSED_FUNCTION = YES;
				GCC_WARN_UNUSED_VARIABLE = YES;
				INFOPLIST_KEY_NSMainNibFile = "";
				IPHONEOS_DEPLOYMENT_TARGET = 16.4;
				MTL_ENABLE_DEBUG_INFO = INCLUDE_SOURCE;
				MTL_FAST_MATH = YES;
				ONLY_ACTIVE_ARCH = YES;
				SDKROOT = iphoneos;
				SWIFT_ACTIVE_COMPILATION_CONDITIONS = DEBUG;
				SWIFT_OPTIMIZATION_LEVEL = "-Onone";
			};
			name = Debug;
		};
		785AC51D2AB2EBF0002C1BC1 /* Release */ = {
			isa = XCBuildConfiguration;
			buildSettings = {
				ALWAYS_SEARCH_USER_PATHS = NO;
				CLANG_ANALYZER_NONNULL = YES;
				CLANG_ANALYZER_NUMBER_OBJECT_CONVERSION = YES_AGGRESSIVE;
				CLANG_CXX_LANGUAGE_STANDARD = "gnu++20";
				CLANG_ENABLE_MODULES = YES;
				CLANG_ENABLE_OBJC_ARC = YES;
				CLANG_ENABLE_OBJC_WEAK = YES;
				CLANG_WARN_BLOCK_CAPTURE_AUTORELEASING = YES;
				CLANG_WARN_BOOL_CONVERSION = YES;
				CLANG_WARN_COMMA = YES;
				CLANG_WARN_CONSTANT_CONVERSION = YES;
				CLANG_WARN_DEPRECATED_OBJC_IMPLEMENTATIONS = YES;
				CLANG_WARN_DIRECT_OBJC_ISA_USAGE = YES_ERROR;
				CLANG_WARN_DOCUMENTATION_COMMENTS = YES;
				CLANG_WARN_EMPTY_BODY = YES;
				CLANG_WARN_ENUM_CONVERSION = YES;
				CLANG_WARN_INFINITE_RECURSION = YES;
				CLANG_WARN_INT_CONVERSION = YES;
				CLANG_WARN_NON_LITERAL_NULL_CONVERSION = YES;
				CLANG_WARN_OBJC_IMPLICIT_RETAIN_SELF = YES;
				CLANG_WARN_OBJC_LITERAL_CONVERSION = YES;
				CLANG_WARN_OBJC_ROOT_CLASS = YES_ERROR;
				CLANG_WARN_QUOTED_INCLUDE_IN_FRAMEWORK_HEADER = YES;
				CLANG_WARN_RANGE_LOOP_ANALYSIS = YES;
				CLANG_WARN_STRICT_PROTOTYPES = YES;
				CLANG_WARN_SUSPICIOUS_MOVE = YES;
				CLANG_WARN_UNGUARDED_AVAILABILITY = YES_AGGRESSIVE;
				CLANG_WARN_UNREACHABLE_CODE = YES;
				CLANG_WARN__DUPLICATE_METHOD_MATCH = YES;
				COPY_PHASE_STRIP = NO;
				DEBUG_INFORMATION_FORMAT = "dwarf-with-dsym";
				ENABLE_NS_ASSERTIONS = NO;
				ENABLE_STRICT_OBJC_MSGSEND = YES;
				GCC_C_LANGUAGE_STANDARD = gnu11;
				GCC_NO_COMMON_BLOCKS = YES;
				GCC_WARN_64_TO_32_BIT_CONVERSION = YES;
				GCC_WARN_ABOUT_RETURN_TYPE = YES_ERROR;
				GCC_WARN_UNDECLARED_SELECTOR = YES;
				GCC_WARN_UNINITIALIZED_AUTOS = YES_AGGRESSIVE;
				GCC_WARN_UNUSED_FUNCTION = YES;
				GCC_WARN_UNUSED_VARIABLE = YES;
				INFOPLIST_KEY_NSMainNibFile = "";
				IPHONEOS_DEPLOYMENT_TARGET = 16.4;
				MTL_ENABLE_DEBUG_INFO = NO;
				MTL_FAST_MATH = YES;
				SDKROOT = iphoneos;
				SWIFT_COMPILATION_MODE = wholemodule;
				SWIFT_OPTIMIZATION_LEVEL = "-O";
				VALIDATE_PRODUCT = YES;
			};
			name = Release;
		};
		785AC51F2AB2EBF0002C1BC1 /* Debug */ = {
			isa = XCBuildConfiguration;
			buildSettings = {
				ASSETCATALOG_COMPILER_APPICON_NAME = AppIcon;
				ASSETCATALOG_COMPILER_GLOBAL_ACCENT_COLOR_NAME = AccentColor;
				CODE_SIGN_STYLE = Automatic;
				CURRENT_PROJECT_VERSION = 1;
				DEVELOPMENT_TEAM = FFZN8CA2AB;
				GENERATE_INFOPLIST_FILE = YES;
				INFOPLIST_FILE = "AppDebugMode-iOS-Sample/Application/Info.plist";
				INFOPLIST_KEY_UIApplicationSupportsIndirectInputEvents = YES;
				INFOPLIST_KEY_UILaunchStoryboardName = LaunchScreen;
				INFOPLIST_KEY_UIMainStoryboardFile = "";
				INFOPLIST_KEY_UISupportedInterfaceOrientations_iPad = "UIInterfaceOrientationPortrait UIInterfaceOrientationPortraitUpsideDown UIInterfaceOrientationLandscapeLeft UIInterfaceOrientationLandscapeRight";
				INFOPLIST_KEY_UISupportedInterfaceOrientations_iPhone = "UIInterfaceOrientationPortrait UIInterfaceOrientationLandscapeLeft UIInterfaceOrientationLandscapeRight";
				INFOPLIST_KEY_UISupportsDocumentBrowser = YES;
				IPHONEOS_DEPLOYMENT_TARGET = 16.4;
				LD_RUNPATH_SEARCH_PATHS = (
					"$(inherited)",
					"@executable_path/Frameworks",
				);
				MARKETING_VERSION = 1.0;
				PRODUCT_BUNDLE_IDENTIFIER = "com.goodrequest.appDebugModeiOS.sample.AppDebugMode-iOS-Sample";
				PRODUCT_NAME = "$(TARGET_NAME)";
				SWIFT_EMIT_LOC_STRINGS = YES;
				SWIFT_VERSION = 5.0;
				TARGETED_DEVICE_FAMILY = "1,2";
			};
			name = Debug;
		};
		785AC5202AB2EBF0002C1BC1 /* Release */ = {
			isa = XCBuildConfiguration;
			buildSettings = {
				ASSETCATALOG_COMPILER_APPICON_NAME = AppIcon;
				ASSETCATALOG_COMPILER_GLOBAL_ACCENT_COLOR_NAME = AccentColor;
				CODE_SIGN_STYLE = Automatic;
				CURRENT_PROJECT_VERSION = 1;
				DEVELOPMENT_TEAM = FFZN8CA2AB;
				GENERATE_INFOPLIST_FILE = YES;
				INFOPLIST_FILE = "AppDebugMode-iOS-Sample/Application/Info.plist";
				INFOPLIST_KEY_UIApplicationSupportsIndirectInputEvents = YES;
				INFOPLIST_KEY_UILaunchStoryboardName = LaunchScreen;
				INFOPLIST_KEY_UIMainStoryboardFile = "";
				INFOPLIST_KEY_UISupportedInterfaceOrientations_iPad = "UIInterfaceOrientationPortrait UIInterfaceOrientationPortraitUpsideDown UIInterfaceOrientationLandscapeLeft UIInterfaceOrientationLandscapeRight";
				INFOPLIST_KEY_UISupportedInterfaceOrientations_iPhone = "UIInterfaceOrientationPortrait UIInterfaceOrientationLandscapeLeft UIInterfaceOrientationLandscapeRight";
				INFOPLIST_KEY_UISupportsDocumentBrowser = YES;
				IPHONEOS_DEPLOYMENT_TARGET = 16.4;
				LD_RUNPATH_SEARCH_PATHS = (
					"$(inherited)",
					"@executable_path/Frameworks",
				);
				MARKETING_VERSION = 1.0;
				PRODUCT_BUNDLE_IDENTIFIER = "com.goodrequest.appDebugModeiOS.sample.AppDebugMode-iOS-Sample";
				PRODUCT_NAME = "$(TARGET_NAME)";
				SWIFT_EMIT_LOC_STRINGS = YES;
				SWIFT_VERSION = 5.0;
				TARGETED_DEVICE_FAMILY = "1,2";
			};
			name = Release;
		};
/* End XCBuildConfiguration section */

/* Begin XCConfigurationList section */
		785AC5032AB2EBEE002C1BC1 /* Build configuration list for PBXProject "AppDebugMode-iOS-Sample" */ = {
			isa = XCConfigurationList;
			buildConfigurations = (
				785AC51C2AB2EBF0002C1BC1 /* Debug */,
				785AC51D2AB2EBF0002C1BC1 /* Release */,
			);
			defaultConfigurationIsVisible = 0;
			defaultConfigurationName = Release;
		};
		785AC51E2AB2EBF0002C1BC1 /* Build configuration list for PBXNativeTarget "AppDebugMode-iOS-Sample" */ = {
			isa = XCConfigurationList;
			buildConfigurations = (
				785AC51F2AB2EBF0002C1BC1 /* Debug */,
				785AC5202AB2EBF0002C1BC1 /* Release */,
			);
			defaultConfigurationIsVisible = 0;
			defaultConfigurationName = Release;
		};
/* End XCConfigurationList section */

/* Begin XCSwiftPackageProductDependency section */
		78CDA6FA2AB9E6CB00CC1A82 /* GoodDependencies */ = {
			isa = XCSwiftPackageProductDependency;
			productName = GoodDependencies;
		};
/* End XCSwiftPackageProductDependency section */
	};
	rootObject = 785AC5002AB2EBEE002C1BC1 /* Project object */;
}
